{
  "version": "4",
  "specifiers": {
    "jsr:@std/cli@^1.0.6": "1.0.6",
    "jsr:@std/crypto@^1.0.3": "1.0.3",
    "jsr:@std/encoding@^1.0.5": "1.0.5",
    "jsr:@std/fmt@^1.0.3": "1.0.3",
    "jsr:@std/path@^1.0.8": "1.0.8",
    "npm:cli-progress@*": "3.12.0",
    "npm:cli-progress@^3.12.0": "3.12.0",
    "npm:yocto-spinner@~0.1.1": "0.1.1"
  },
  "jsr": {
    "@std/cli@1.0.6": {
      "integrity": "d22d8b38c66c666d7ad1f2a66c5b122da1704f985d3c47f01129f05abb6c5d3d"
    },
    "@std/crypto@1.0.3": {
      "integrity": "a2a32f51ddef632d299e3879cd027c630dcd4d1d9a5285d6e6788072f4e51e7f"
    },
    "@std/encoding@1.0.5": {
      "integrity": "ecf363d4fc25bd85bd915ff6733a7e79b67e0e7806334af15f4645c569fefc04"
    },
    "@std/fmt@1.0.3": {
      "integrity": "97765c16aa32245ff4e2204ecf7d8562496a3cb8592340a80e7e554e0bb9149f"
    },
    "@std/path@1.0.8": {
      "integrity": "548fa456bb6a04d3c1a1e7477986b6cffbce95102d0bb447c67c4ee70e0364be"
    }
  },
  "npm": {
    "ansi-regex@5.0.1": {
      "integrity": "sha512-quJQXlTSUGL2LH9SUXo8VwsY4soanhgo6LNSm84E1LBcE8s3O0wpdiRzyR9z/ZZJMlMWv37qOOb9pdJlMUEKFQ=="
    },
    "cli-progress@3.12.0": {
      "integrity": "sha512-tRkV3HJ1ASwm19THiiLIXLO7Im7wlTuKnvkYaTkyoAPefqjNg7W7DHKUlGRxy9vxDvbyCYQkQozvptuMkGCg8A==",
      "dependencies": [
        "string-width"
      ]
    },
    "emoji-regex@8.0.0": {
      "integrity": "sha512-MSjYzcWNOA0ewAHpz0MxpYFvwg6yjy1NG3xteoqz644VCo/RPgnr1/GGt+ic3iJTzQ8Eu3TdM14SawnVUmGE6A=="
    },
    "is-fullwidth-code-point@3.0.0": {
      "integrity": "sha512-zymm5+u+sCsSWyD9qNaejV3DFvhCKclKdizYaJUuHA83RLjb7nSuGnddCHGv0hk+KY7BMAlsWeK4Ueg6EV6XQg=="
    },
    "string-width@4.2.3": {
      "integrity": "sha512-wKyQRQpjJ0sIp62ErSZdGsjMJWsap5oRNihHhu6G7JVO/9jIB6UyevL+tXuOqrng8j/cxKTWyWUwvSTriiZz/g==",
      "dependencies": [
        "emoji-regex",
        "is-fullwidth-code-point",
        "strip-ansi"
      ]
    },
    "strip-ansi@6.0.1": {
      "integrity": "sha512-Y38VPSHcqkFrCpFnQ9vuSXmquuv5oXOKpGeT6aGrr3o3Gc9AlVa6JBfUSOCnbxGGZF+/0ooI7KrPuUSztUdU5A==",
      "dependencies": [
        "ansi-regex"
      ]
    },
    "yocto-spinner@0.1.1": {
      "integrity": "sha512-vb6yztJdmbX9BwiR2NlKim7roGM5xFFhiTO6UstNiKBnh8NT6uFNjpXYC6DWTnLgRRyHh2nDNEM8kLHSRLw4kg==",
      "dependencies": [
        "yoctocolors"
      ]
    },
    "yoctocolors@2.1.1": {
      "integrity": "sha512-GQHQqAopRhwU8Kt1DDM8NjibDXHC8eoh1erhGAJPEyveY9qqVeXvVikNKrDz69sHowPMorbPUrH/mx8c50eiBQ=="
    }
  },
  "workspace": {
    "dependencies": [
      "jsr:@std/cli@^1.0.6",
      "jsr:@std/crypto@^1.0.3",
      "jsr:@std/encoding@^1.0.5",
      "jsr:@std/fmt@^1.0.3",
      "jsr:@std/path@^1.0.8",
      "npm:cli-progress@^3.12.0",
      "npm:yocto-spinner@~0.1.1"
    ]
  }
}
